// !$*UTF8*$!
{
	archiveVersion = 1;
	classes = {
	};
	objectVersion = 46;
	objects = {

/* Begin PBXBuildFile section */
		C83E3AAD17DE929D0028DF1B /* UIKit.framework in Frameworks */ = {isa = PBXBuildFile; fileRef = C83E3AAC17DE929D0028DF1B /* UIKit.framework */; };
		C83E3AAF17DE929D0028DF1B /* Foundation.framework in Frameworks */ = {isa = PBXBuildFile; fileRef = C83E3AAE17DE929D0028DF1B /* Foundation.framework */; };
		C83E3AB117DE929D0028DF1B /* CoreGraphics.framework in Frameworks */ = {isa = PBXBuildFile; fileRef = C83E3AB017DE929D0028DF1B /* CoreGraphics.framework */; };
		C83E3AB717DE929D0028DF1B /* InfoPlist.strings in Resources */ = {isa = PBXBuildFile; fileRef = C83E3AB517DE929D0028DF1B /* InfoPlist.strings */; };
		C83E3AB917DE929D0028DF1B /* main.m in Sources */ = {isa = PBXBuildFile; fileRef = C83E3AB817DE929D0028DF1B /* main.m */; };
		C83E3ABD17DE929D0028DF1B /* AppDelegate.m in Sources */ = {isa = PBXBuildFile; fileRef = C83E3ABC17DE929D0028DF1B /* AppDelegate.m */; };
		C83E3ABF17DE929D0028DF1B /* Default.png in Resources */ = {isa = PBXBuildFile; fileRef = C83E3ABE17DE929D0028DF1B /* Default.png */; };
		C83E3AC117DE929D0028DF1B /* Default@2x.png in Resources */ = {isa = PBXBuildFile; fileRef = C83E3AC017DE929D0028DF1B /* Default@2x.png */; };
		C83E3AC317DE929D0028DF1B /* Default-568h@2x.png in Resources */ = {isa = PBXBuildFile; fileRef = C83E3AC217DE929D0028DF1B /* Default-568h@2x.png */; };
		C83E3AC617DE929D0028DF1B /* MainStoryboard.storyboard in Resources */ = {isa = PBXBuildFile; fileRef = C83E3AC417DE929D0028DF1B /* MainStoryboard.storyboard */; };
		C83E3AC917DE929D0028DF1B /* ViewController.m in Sources */ = {isa = PBXBuildFile; fileRef = C83E3AC817DE929D0028DF1B /* ViewController.m */; };
		C83E3AE917DE92CB0028DF1B /* Board0.png in Resources */ = {isa = PBXBuildFile; fileRef = C83E3AD017DE92CB0028DF1B /* Board0.png */; };
		C83E3AEA17DE92CB0028DF1B /* Board0button.png in Resources */ = {isa = PBXBuildFile; fileRef = C83E3AD117DE92CB0028DF1B /* Board0button.png */; };
		C83E3AEB17DE92CB0028DF1B /* Board1.png in Resources */ = {isa = PBXBuildFile; fileRef = C83E3AD217DE92CB0028DF1B /* Board1.png */; };
		C83E3AEC17DE92CB0028DF1B /* Board1button.png in Resources */ = {isa = PBXBuildFile; fileRef = C83E3AD317DE92CB0028DF1B /* Board1button.png */; };
		C83E3AED17DE92CB0028DF1B /* Board2.png in Resources */ = {isa = PBXBuildFile; fileRef = C83E3AD417DE92CB0028DF1B /* Board2.png */; };
		C83E3AEE17DE92CB0028DF1B /* Board2button.png in Resources */ = {isa = PBXBuildFile; fileRef = C83E3AD517DE92CB0028DF1B /* Board2button.png */; };
		C83E3AEF17DE92CB0028DF1B /* Board3.png in Resources */ = {isa = PBXBuildFile; fileRef = C83E3AD617DE92CB0028DF1B /* Board3.png */; };
		C83E3AF017DE92CB0028DF1B /* Board3button.png in Resources */ = {isa = PBXBuildFile; fileRef = C83E3AD717DE92CB0028DF1B /* Board3button.png */; };
		C83E3AF117DE92CB0028DF1B /* Board4.png in Resources */ = {isa = PBXBuildFile; fileRef = C83E3AD817DE92CB0028DF1B /* Board4.png */; };
		C83E3AF217DE92CB0028DF1B /* Board4button.png in Resources */ = {isa = PBXBuildFile; fileRef = C83E3AD917DE92CB0028DF1B /* Board4button.png */; };
		C83E3AF317DE92CB0028DF1B /* Board5.png in Resources */ = {isa = PBXBuildFile; fileRef = C83E3ADA17DE92CB0028DF1B /* Board5.png */; };
		C83E3AF417DE92CB0028DF1B /* Board5button.png in Resources */ = {isa = PBXBuildFile; fileRef = C83E3ADB17DE92CB0028DF1B /* Board5button.png */; };
		C83E3AF517DE92CB0028DF1B /* Solutions.plist in Resources */ = {isa = PBXBuildFile; fileRef = C83E3ADC17DE92CB0028DF1B /* Solutions.plist */; };
		C83E3AF617DE92CB0028DF1B /* tileF.png in Resources */ = {isa = PBXBuildFile; fileRef = C83E3ADD17DE92CB0028DF1B /* tileF.png */; };
		C83E3AF717DE92CB0028DF1B /* tileI.png in Resources */ = {isa = PBXBuildFile; fileRef = C83E3ADE17DE92CB0028DF1B /* tileI.png */; };
		C83E3AF817DE92CB0028DF1B /* tileL.png in Resources */ = {isa = PBXBuildFile; fileRef = C83E3ADF17DE92CB0028DF1B /* tileL.png */; };
		C83E3AF917DE92CB0028DF1B /* tileN.png in Resources */ = {isa = PBXBuildFile; fileRef = C83E3AE017DE92CB0028DF1B /* tileN.png */; };
		C83E3AFA17DE92CB0028DF1B /* tileP.png in Resources */ = {isa = PBXBuildFile; fileRef = C83E3AE117DE92CB0028DF1B /* tileP.png */; };
		C83E3AFB17DE92CB0028DF1B /* tileT.png in Resources */ = {isa = PBXBuildFile; fileRef = C83E3AE217DE92CB0028DF1B /* tileT.png */; };
		C83E3AFC17DE92CB0028DF1B /* tileU.png in Resources */ = {isa = PBXBuildFile; fileRef = C83E3AE317DE92CB0028DF1B /* tileU.png */; };
		C83E3AFD17DE92CB0028DF1B /* tileV.png in Resources */ = {isa = PBXBuildFile; fileRef = C83E3AE417DE92CB0028DF1B /* tileV.png */; };
		C83E3AFE17DE92CB0028DF1B /* tileW.png in Resources */ = {isa = PBXBuildFile; fileRef = C83E3AE517DE92CB0028DF1B /* tileW.png */; };
		C83E3AFF17DE92CB0028DF1B /* tileX.png in Resources */ = {isa = PBXBuildFile; fileRef = C83E3AE617DE92CB0028DF1B /* tileX.png */; };
		C83E3B0017DE92CB0028DF1B /* tileY.png in Resources */ = {isa = PBXBuildFile; fileRef = C83E3AE717DE92CB0028DF1B /* tileY.png */; };
		C83E3B0117DE92CB0028DF1B /* tileZ.png in Resources */ = {isa = PBXBuildFile; fileRef = C83E3AE817DE92CB0028DF1B /* tileZ.png */; };
/* End PBXBuildFile section */

/* Begin PBXFileReference section */
		C83E3AA917DE929D0028DF1B /* cmpsc475 Pentominoes.app */ = {isa = PBXFileReference; explicitFileType = wrapper.application; includeInIndex = 0; path = "cmpsc475 Pentominoes.app"; sourceTree = BUILT_PRODUCTS_DIR; };
		C83E3AAC17DE929D0028DF1B /* UIKit.framework */ = {isa = PBXFileReference; lastKnownFileType = wrapper.framework; name = UIKit.framework; path = System/Library/Frameworks/UIKit.framework; sourceTree = SDKROOT; };
		C83E3AAE17DE929D0028DF1B /* Foundation.framework */ = {isa = PBXFileReference; lastKnownFileType = wrapper.framework; name = Foundation.framework; path = System/Library/Frameworks/Foundation.framework; sourceTree = SDKROOT; };
		C83E3AB017DE929D0028DF1B /* CoreGraphics.framework */ = {isa = PBXFileReference; lastKnownFileType = wrapper.framework; name = CoreGraphics.framework; path = System/Library/Frameworks/CoreGraphics.framework; sourceTree = SDKROOT; };
		C83E3AB417DE929D0028DF1B /* cmpsc475 Pentominoes-Info.plist */ = {isa = PBXFileReference; lastKnownFileType = text.plist.xml; path = "cmpsc475 Pentominoes-Info.plist"; sourceTree = "<group>"; };
		C83E3AB617DE929D0028DF1B /* en */ = {isa = PBXFileReference; lastKnownFileType = text.plist.strings; name = en; path = en.lproj/InfoPlist.strings; sourceTree = "<group>"; };
		C83E3AB817DE929D0028DF1B /* main.m */ = {isa = PBXFileReference; lastKnownFileType = sourcecode.c.objc; path = main.m; sourceTree = "<group>"; };
		C83E3ABA17DE929D0028DF1B /* cmpsc475 Pentominoes-Prefix.pch */ = {isa = PBXFileReference; lastKnownFileType = sourcecode.c.h; path = "cmpsc475 Pentominoes-Prefix.pch"; sourceTree = "<group>"; };
		C83E3ABB17DE929D0028DF1B /* AppDelegate.h */ = {isa = PBXFileReference; lastKnownFileType = sourcecode.c.h; path = AppDelegate.h; sourceTree = "<group>"; };
		C83E3ABC17DE929D0028DF1B /* AppDelegate.m */ = {isa = PBXFileReference; lastKnownFileType = sourcecode.c.objc; path = AppDelegate.m; sourceTree = "<group>"; };
		C83E3ABE17DE929D0028DF1B /* Default.png */ = {isa = PBXFileReference; lastKnownFileType = image.png; path = Default.png; sourceTree = "<group>"; };
		C83E3AC017DE929D0028DF1B /* Default@2x.png */ = {isa = PBXFileReference; lastKnownFileType = image.png; path = "Default@2x.png"; sourceTree = "<group>"; };
		C83E3AC217DE929D0028DF1B /* Default-568h@2x.png */ = {isa = PBXFileReference; lastKnownFileType = image.png; path = "Default-568h@2x.png"; sourceTree = "<group>"; };
		C83E3AC517DE929D0028DF1B /* en */ = {isa = PBXFileReference; lastKnownFileType = file.storyboard; name = en; path = en.lproj/MainStoryboard.storyboard; sourceTree = "<group>"; };
		C83E3AC717DE929D0028DF1B /* ViewController.h */ = {isa = PBXFileReference; lastKnownFileType = sourcecode.c.h; path = ViewController.h; sourceTree = "<group>"; };
		C83E3AC817DE929D0028DF1B /* ViewController.m */ = {isa = PBXFileReference; lastKnownFileType = sourcecode.c.objc; path = ViewController.m; sourceTree = "<group>"; };
		C83E3AD017DE92CB0028DF1B /* Board0.png */ = {isa = PBXFileReference; lastKnownFileType = image.png; path = Board0.png; sourceTree = "<group>"; };
		C83E3AD117DE92CB0028DF1B /* Board0button.png */ = {isa = PBXFileReference; lastKnownFileType = image.png; path = Board0button.png; sourceTree = "<group>"; };
		C83E3AD217DE92CB0028DF1B /* Board1.png */ = {isa = PBXFileReference; lastKnownFileType = image.png; path = Board1.png; sourceTree = "<group>"; };
		C83E3AD317DE92CB0028DF1B /* Board1button.png */ = {isa = PBXFileReference; lastKnownFileType = image.png; path = Board1button.png; sourceTree = "<group>"; };
		C83E3AD417DE92CB0028DF1B /* Board2.png */ = {isa = PBXFileReference; lastKnownFileType = image.png; path = Board2.png; sourceTree = "<group>"; };
		C83E3AD517DE92CB0028DF1B /* Board2button.png */ = {isa = PBXFileReference; lastKnownFileType = image.png; path = Board2button.png; sourceTree = "<group>"; };
		C83E3AD617DE92CB0028DF1B /* Board3.png */ = {isa = PBXFileReference; lastKnownFileType = image.png; path = Board3.png; sourceTree = "<group>"; };
		C83E3AD717DE92CB0028DF1B /* Board3button.png */ = {isa = PBXFileReference; lastKnownFileType = image.png; path = Board3button.png; sourceTree = "<group>"; };
		C83E3AD817DE92CB0028DF1B /* Board4.png */ = {isa = PBXFileReference; lastKnownFileType = image.png; path = Board4.png; sourceTree = "<group>"; };
		C83E3AD917DE92CB0028DF1B /* Board4button.png */ = {isa = PBXFileReference; lastKnownFileType = image.png; path = Board4button.png; sourceTree = "<group>"; };
		C83E3ADA17DE92CB0028DF1B /* Board5.png */ = {isa = PBXFileReference; lastKnownFileType = image.png; path = Board5.png; sourceTree = "<group>"; };
		C83E3ADB17DE92CB0028DF1B /* Board5button.png */ = {isa = PBXFileReference; lastKnownFileType = image.png; path = Board5button.png; sourceTree = "<group>"; };
		C83E3ADC17DE92CB0028DF1B /* Solutions.plist */ = {isa = PBXFileReference; fileEncoding = 4; lastKnownFileType = text.plist.xml; path = Solutions.plist; sourceTree = "<group>"; };
		C83E3ADD17DE92CB0028DF1B /* tileF.png */ = {isa = PBXFileReference; lastKnownFileType = image.png; path = tileF.png; sourceTree = "<group>"; };
		C83E3ADE17DE92CB0028DF1B /* tileI.png */ = {isa = PBXFileReference; lastKnownFileType = image.png; path = tileI.png; sourceTree = "<group>"; };
		C83E3ADF17DE92CB0028DF1B /* tileL.png */ = {isa = PBXFileReference; lastKnownFileType = image.png; path = tileL.png; sourceTree = "<group>"; };
		C83E3AE017DE92CB0028DF1B /* tileN.png */ = {isa = PBXFileReference; lastKnownFileType = image.png; path = tileN.png; sourceTree = "<group>"; };
		C83E3AE117DE92CB0028DF1B /* tileP.png */ = {isa = PBXFileReference; lastKnownFileType = image.png; path = tileP.png; sourceTree = "<group>"; };
		C83E3AE217DE92CB0028DF1B /* tileT.png */ = {isa = PBXFileReference; lastKnownFileType = image.png; path = tileT.png; sourceTree = "<group>"; };
		C83E3AE317DE92CB0028DF1B /* tileU.png */ = {isa = PBXFileReference; lastKnownFileType = image.png; path = tileU.png; sourceTree = "<group>"; };
		C83E3AE417DE92CB0028DF1B /* tileV.png */ = {isa = PBXFileReference; lastKnownFileType = image.png; path = tileV.png; sourceTree = "<group>"; };
		C83E3AE517DE92CB0028DF1B /* tileW.png */ = {isa = PBXFileReference; lastKnownFileType = image.png; path = tileW.png; sourceTree = "<group>"; };
		C83E3AE617DE92CB0028DF1B /* tileX.png */ = {isa = PBXFileReference; lastKnownFileType = image.png; path = tileX.png; sourceTree = "<group>"; };
		C83E3AE717DE92CB0028DF1B /* tileY.png */ = {isa = PBXFileReference; lastKnownFileType = image.png; path = tileY.png; sourceTree = "<group>"; };
		C83E3AE817DE92CB0028DF1B /* tileZ.png */ = {isa = PBXFileReference; lastKnownFileType = image.png; path = tileZ.png; sourceTree = "<group>"; };
/* End PBXFileReference section */

/* Begin PBXFrameworksBuildPhase section */
		C83E3AA617DE929D0028DF1B /* Frameworks */ = {
			isa = PBXFrameworksBuildPhase;
			buildActionMask = 2147483647;
			files = (
				C83E3AAD17DE929D0028DF1B /* UIKit.framework in Frameworks */,
				C83E3AAF17DE929D0028DF1B /* Foundation.framework in Frameworks */,
				C83E3AB117DE929D0028DF1B /* CoreGraphics.framework in Frameworks */,
			);
			runOnlyForDeploymentPostprocessing = 0;
		};
/* End PBXFrameworksBuildPhase section */

/* Begin PBXGroup section */
		C83E3AA017DE929D0028DF1B = {
			isa = PBXGroup;
			children = (
				C83E3AB217DE929D0028DF1B /* cmpsc475 Pentominoes */,
				C83E3AAB17DE929D0028DF1B /* Frameworks */,
				C83E3AAA17DE929D0028DF1B /* Products */,
			);
			sourceTree = "<group>";
		};
		C83E3AAA17DE929D0028DF1B /* Products */ = {
			isa = PBXGroup;
			children = (
				C83E3AA917DE929D0028DF1B /* cmpsc475 Pentominoes.app */,
			);
			name = Products;
			sourceTree = "<group>";
		};
		C83E3AAB17DE929D0028DF1B /* Frameworks */ = {
			isa = PBXGroup;
			children = (
				C83E3AAC17DE929D0028DF1B /* UIKit.framework */,
				C83E3AAE17DE929D0028DF1B /* Foundation.framework */,
				C83E3AB017DE929D0028DF1B /* CoreGraphics.framework */,
			);
			name = Frameworks;
			sourceTree = "<group>";
		};
		C83E3AB217DE929D0028DF1B /* cmpsc475 Pentominoes */ = {
			isa = PBXGroup;
			children = (
				C83E3ABB17DE929D0028DF1B /* AppDelegate.h */,
				C83E3ABC17DE929D0028DF1B /* AppDelegate.m */,
				C83E3AC417DE929D0028DF1B /* MainStoryboard.storyboard */,
				C83E3AC717DE929D0028DF1B /* ViewController.h */,
				C83E3AC817DE929D0028DF1B /* ViewController.m */,
				C83E3AB317DE929D0028DF1B /* Supporting Files */,
			);
			path = "cmpsc475 Pentominoes";
			sourceTree = "<group>";
		};
		C83E3AB317DE929D0028DF1B /* Supporting Files */ = {
			isa = PBXGroup;
			children = (
				C83E3ACF17DE92CB0028DF1B /* Pentominoes Assets */,
				C83E3AB417DE929D0028DF1B /* cmpsc475 Pentominoes-Info.plist */,
				C83E3AB517DE929D0028DF1B /* InfoPlist.strings */,
				C83E3AB817DE929D0028DF1B /* main.m */,
				C83E3ABA17DE929D0028DF1B /* cmpsc475 Pentominoes-Prefix.pch */,
				C83E3ABE17DE929D0028DF1B /* Default.png */,
				C83E3AC017DE929D0028DF1B /* Default@2x.png */,
				C83E3AC217DE929D0028DF1B /* Default-568h@2x.png */,
			);
			name = "Supporting Files";
			sourceTree = "<group>";
		};
		C83E3ACF17DE92CB0028DF1B /* Pentominoes Assets */ = {
			isa = PBXGroup;
			children = (
				C83E3AD017DE92CB0028DF1B /* Board0.png */,
				C83E3AD117DE92CB0028DF1B /* Board0button.png */,
				C83E3AD217DE92CB0028DF1B /* Board1.png */,
				C83E3AD317DE92CB0028DF1B /* Board1button.png */,
				C83E3AD417DE92CB0028DF1B /* Board2.png */,
				C83E3AD517DE92CB0028DF1B /* Board2button.png */,
				C83E3AD617DE92CB0028DF1B /* Board3.png */,
				C83E3AD717DE92CB0028DF1B /* Board3button.png */,
				C83E3AD817DE92CB0028DF1B /* Board4.png */,
				C83E3AD917DE92CB0028DF1B /* Board4button.png */,
				C83E3ADA17DE92CB0028DF1B /* Board5.png */,
				C83E3ADB17DE92CB0028DF1B /* Board5button.png */,
				C83E3ADC17DE92CB0028DF1B /* Solutions.plist */,
				C83E3ADD17DE92CB0028DF1B /* tileF.png */,
				C83E3ADE17DE92CB0028DF1B /* tileI.png */,
				C83E3ADF17DE92CB0028DF1B /* tileL.png */,
				C83E3AE017DE92CB0028DF1B /* tileN.png */,
				C83E3AE117DE92CB0028DF1B /* tileP.png */,
				C83E3AE217DE92CB0028DF1B /* tileT.png */,
				C83E3AE317DE92CB0028DF1B /* tileU.png */,
				C83E3AE417DE92CB0028DF1B /* tileV.png */,
				C83E3AE517DE92CB0028DF1B /* tileW.png */,
				C83E3AE617DE92CB0028DF1B /* tileX.png */,
				C83E3AE717DE92CB0028DF1B /* tileY.png */,
				C83E3AE817DE92CB0028DF1B /* tileZ.png */,
			);
			path = "Pentominoes Assets";
			sourceTree = "<group>";
		};
/* End PBXGroup section */

/* Begin PBXNativeTarget section */
		C83E3AA817DE929D0028DF1B /* cmpsc475 Pentominoes */ = {
			isa = PBXNativeTarget;
			buildConfigurationList = C83E3ACC17DE929D0028DF1B /* Build configuration list for PBXNativeTarget "cmpsc475 Pentominoes" */;
			buildPhases = (
				C83E3AA517DE929D0028DF1B /* Sources */,
				C83E3AA617DE929D0028DF1B /* Frameworks */,
				C83E3AA717DE929D0028DF1B /* Resources */,
			);
			buildRules = (
			);
			dependencies = (
			);
			name = "cmpsc475 Pentominoes";
			productName = "cmpsc475 Pentominoes";
			productReference = C83E3AA917DE929D0028DF1B /* cmpsc475 Pentominoes.app */;
			productType = "com.apple.product-type.application";
		};
/* End PBXNativeTarget section */

/* Begin PBXProject section */
		C83E3AA117DE929D0028DF1B /* Project object */ = {
			isa = PBXProject;
			attributes = {
				LastUpgradeCheck = 0460;
				ORGANIZATIONNAME = "BRIAN J GOLDEN";
			};
			buildConfigurationList = C83E3AA417DE929D0028DF1B /* Build configuration list for PBXProject "cmpsc475 Pentominoes" */;
			compatibilityVersion = "Xcode 3.2";
			developmentRegion = English;
			hasScannedForEncodings = 0;
			knownRegions = (
				en,
			);
			mainGroup = C83E3AA017DE929D0028DF1B;
			productRefGroup = C83E3AAA17DE929D0028DF1B /* Products */;
			projectDirPath = "";
			projectRoot = "";
			targets = (
				C83E3AA817DE929D0028DF1B /* cmpsc475 Pentominoes */,
			);
		};
/* End PBXProject section */

/* Begin PBXResourcesBuildPhase section */
		C83E3AA717DE929D0028DF1B /* Resources */ = {
			isa = PBXResourcesBuildPhase;
			buildActionMask = 2147483647;
			files = (
				C83E3AB717DE929D0028DF1B /* InfoPlist.strings in Resources */,
				C83E3ABF17DE929D0028DF1B /* Default.png in Resources */,
				C83E3AC117DE929D0028DF1B /* Default@2x.png in Resources */,
				C83E3AC317DE929D0028DF1B /* Default-568h@2x.png in Resources */,
				C83E3AC617DE929D0028DF1B /* MainStoryboard.storyboard in Resources */,
				C83E3AE917DE92CB0028DF1B /* Board0.png in Resources */,
				C83E3AEA17DE92CB0028DF1B /* Board0button.png in Resources */,
				C83E3AEB17DE92CB0028DF1B /* Board1.png in Resources */,
				C83E3AEC17DE92CB0028DF1B /* Board1button.png in Resources */,
				C83E3AED17DE92CB0028DF1B /* Board2.png in Resources */,
				C83E3AEE17DE92CB0028DF1B /* Board2button.png in Resources */,
				C83E3AEF17DE92CB0028DF1B /* Board3.png in Resources */,
				C83E3AF017DE92CB0028DF1B /* Board3button.png in Resources */,
				C83E3AF117DE92CB0028DF1B /* Board4.png in Resources */,
				C83E3AF217DE92CB0028DF1B /* Board4button.png in Resources */,
				C83E3AF317DE92CB0028DF1B /* Board5.png in Resources */,
				C83E3AF417DE92CB0028DF1B /* Board5button.png in Resources */,
				C83E3AF517DE92CB0028DF1B /* Solutions.plist in Resources */,
				C83E3AF617DE92CB0028DF1B /* tileF.png in Resources */,
				C83E3AF717DE92CB0028DF1B /* tileI.png in Resources */,
				C83E3AF817DE92CB0028DF1B /* tileL.png in Resources */,
				C83E3AF917DE92CB0028DF1B /* tileN.png in Resources */,
				C83E3AFA17DE92CB0028DF1B /* tileP.png in Resources */,
				C83E3AFB17DE92CB0028DF1B /* tileT.png in Resources */,
				C83E3AFC17DE92CB0028DF1B /* tileU.png in Resources */,
				C83E3AFD17DE92CB0028DF1B /* tileV.png in Resources */,
				C83E3AFE17DE92CB0028DF1B /* tileW.png in Resources */,
				C83E3AFF17DE92CB0028DF1B /* tileX.png in Resources */,
				C83E3B0017DE92CB0028DF1B /* tileY.png in Resources */,
				C83E3B0117DE92CB0028DF1B /* tileZ.png in Resources */,
			);
			runOnlyForDeploymentPostprocessing = 0;
		};
/* End PBXResourcesBuildPhase section */

/* Begin PBXSourcesBuildPhase section */
		C83E3AA517DE929D0028DF1B /* Sources */ = {
			isa = PBXSourcesBuildPhase;
			buildActionMask = 2147483647;
			files = (
				C83E3AB917DE929D0028DF1B /* main.m in Sources */,
				C83E3ABD17DE929D0028DF1B /* AppDelegate.m in Sources */,
				C83E3AC917DE929D0028DF1B /* ViewController.m in Sources */,
			);
			runOnlyForDeploymentPostprocessing = 0;
		};
/* End PBXSourcesBuildPhase section */

/* Begin PBXVariantGroup section */
		C83E3AB517DE929D0028DF1B /* InfoPlist.strings */ = {
			isa = PBXVariantGroup;
			children = (
				C83E3AB617DE929D0028DF1B /* en */,
			);
			name = InfoPlist.strings;
			sourceTree = "<group>";
		};
		C83E3AC417DE929D0028DF1B /* MainStoryboard.storyboard */ = {
			isa = PBXVariantGroup;
			children = (
				C83E3AC517DE929D0028DF1B /* en */,
			);
			name = MainStoryboard.storyboard;
			sourceTree = "<group>";
		};
/* End PBXVariantGroup section */

/* Begin XCBuildConfiguration section */
		C83E3ACA17DE929D0028DF1B /* Debug */ = {
			isa = XCBuildConfiguration;
			buildSettings = {
				ALWAYS_SEARCH_USER_PATHS = NO;
				CLANG_CXX_LANGUAGE_STANDARD = "gnu++0x";
				CLANG_CXX_LIBRARY = "libc++";
				CLANG_ENABLE_OBJC_ARC = YES;
				CLANG_WARN_CONSTANT_CONVERSION = YES;
				CLANG_WARN_EMPTY_BODY = YES;
				CLANG_WARN_ENUM_CONVERSION = YES;
				CLANG_WARN_INT_CONVERSION = YES;
				CLANG_WARN__DUPLICATE_METHOD_MATCH = YES;
				"CODE_SIGN_IDENTITY[sdk=iphoneos*]" = "iPhone Developer";
				COPY_PHASE_STRIP = NO;
				GCC_C_LANGUAGE_STANDARD = gnu99;
				GCC_DYNAMIC_NO_PIC = NO;
				GCC_OPTIMIZATION_LEVEL = 0;
				GCC_PREPROCESSOR_DEFINITIONS = (
					"DEBUG=1",
					"$(inherited)",
				);
				GCC_SYMBOLS_PRIVATE_EXTERN = NO;
				GCC_WARN_ABOUT_RETURN_TYPE = YES;
				GCC_WARN_UNINITIALIZED_AUTOS = YES;
				GCC_WARN_UNUSED_VARIABLE = YES;
				IPHONEOS_DEPLOYMENT_TARGET = 6.1;
				ONLY_ACTIVE_ARCH = YES;
				SDKROOT = iphoneos;
				TARGETED_DEVICE_FAMILY = 2;
			};
			name = Debug;
		};
		C83E3ACB17DE929D0028DF1B /* Release */ = {
			isa = XCBuildConfiguration;
			buildSettings = {
				ALWAYS_SEARCH_USER_PATHS = NO;
				CLANG_CXX_LANGUAGE_STANDARD = "gnu++0x";
				CLANG_CXX_LIBRARY = "libc++";
				CLANG_ENABLE_OBJC_ARC = YES;
				CLANG_WARN_CONSTANT_CONVERSION = YES;
				CLANG_WARN_EMPTY_BODY = YES;
				CLANG_WARN_ENUM_CONVERSION = YES;
				CLANG_WARN_INT_CONVERSION = YES;
				CLANG_WARN__DUPLICATE_METHOD_MATCH = YES;
				"CODE_SIGN_IDENTITY[sdk=iphoneos*]" = "iPhone Developer";
				COPY_PHASE_STRIP = YES;
				GCC_C_LANGUAGE_STANDARD = gnu99;
				GCC_WARN_ABOUT_RETURN_TYPE = YES;
				GCC_WARN_UNINITIALIZED_AUTOS = YES;
				GCC_WARN_UNUSED_VARIABLE = YES;
				IPHONEOS_DEPLOYMENT_TARGET = 6.1;
				OTHER_CFLAGS = "-DNS_BLOCK_ASSERTIONS=1";
				SDKROOT = iphoneos;
				TARGETED_DEVICE_FAMILY = 2;
				VALIDATE_PRODUCT = YES;
			};
			name = Release;
		};
		C83E3ACD17DE929D0028DF1B /* Debug */ = {
			isa = XCBuildConfiguration;
			buildSettings = {
				GCC_PRECOMPILE_PREFIX_HEADER = YES;
				GCC_PREFIX_HEADER = "cmpsc475 Pentominoes/cmpsc475 Pentominoes-Prefix.pch";
				INFOPLIST_FILE = "cmpsc475 Pentominoes/cmpsc475 Pentominoes-Info.plist";
				PRODUCT_NAME = "$(TARGET_NAME)";
				WRAPPER_EXTENSION = app;
			};
			name = Debug;
		};
		C83E3ACE17DE929D0028DF1B /* Release */ = {
			isa = XCBuildConfiguration;
			buildSettings = {
				GCC_PRECOMPILE_PREFIX_HEADER = YES;
				GCC_PREFIX_HEADER = "cmpsc475 Pentominoes/cmpsc475 Pentominoes-Prefix.pch";
				INFOPLIST_FILE = "cmpsc475 Pentominoes/cmpsc475 Pentominoes-Info.plist";
				PRODUCT_NAME = "$(TARGET_NAME)";
				WRAPPER_EXTENSION = app;
			};
			name = Release;
		};
/* End XCBuildConfiguration section */

/* Begin XCConfigurationList section */
		C83E3AA417DE929D0028DF1B /* Build configuration list for PBXProject "cmpsc475 Pentominoes" */ = {
			isa = XCConfigurationList;
			buildConfigurations = (
				C83E3ACA17DE929D0028DF1B /* Debug */,
				C83E3ACB17DE929D0028DF1B /* Release */,
			);
			defaultConfigurationIsVisible = 0;
			defaultConfigurationName = Release;
		};
		C83E3ACC17DE929D0028DF1B /* Build configuration list for PBXNativeTarget "cmpsc475 Pentominoes" */ = {
			isa = XCConfigurationList;
			buildConfigurations = (
				C83E3ACD17DE929D0028DF1B /* Debug */,
				C83E3ACE17DE929D0028DF1B /* Release */,
			);
			defaultConfigurationIsVisible = 0;
			defaultConfigurationName = Release;
		};
/* End XCConfigurationList section */
	};
	rootObject = C83E3AA117DE929D0028DF1B /* Project object */;
}
